{
  "requires": true,
  "lockfileVersion": 1,
  "dependencies": {
    "charming": {
      "version": "2.2.4",
      "resolved": "https://registry.npmjs.org/charming/-/charming-2.2.4.tgz",
      "integrity": "sha512-efh7qaTFV5oteLdiZGlqBmxDyyHH5ys/T4qhc5vrkzDS5s8ONtnBG4NUYoIgZX9GgifmxHMo7cL1Tb3ibICkpw=="
    },
    "now": {
      "version": "14.0.3",
      "resolved": "https://registry.npmjs.org/now/-/now-14.0.3.tgz",
      "integrity": "sha512-tBYUe5x4OUL592l5oZRBcX9gFREcfcW9RRZCr2eu+lIHqxmpVQQwf0LG/wpCup+4Zr2+nmyxWixmULlMCZT6ww=="
    }
  }
}
